// !$*UTF8*$!
{
	archiveVersion = 1;
	classes = {
	};
	objectVersion = 46;
	objects = {

/* Begin PBXBuildFile section */
		9626DEB91E62FF9100EA0D23 /* Progressor.swift in Sources */ = {isa = PBXBuildFile; fileRef = 9626DEB81E62FF9100EA0D23 /* Progressor.swift */; };
		9626DEBB1E63011D00EA0D23 /* Updateable.swift in Sources */ = {isa = PBXBuildFile; fileRef = 9626DEBA1E63011D00EA0D23 /* Updateable.swift */; };
		9627ED571E58DB81004B9F0E /* MutatingClosure.swift in Sources */ = {isa = PBXBuildFile; fileRef = 96E2B7621E5891C800C090F7 /* MutatingClosure.swift */; };
		9627ED581E58DB87004B9F0E /* Binder.swift in Sources */ = {isa = PBXBuildFile; fileRef = 9641BC581E588ACE007774C4 /* Binder.swift */; };
		9627ED591E58DB91004B9F0E /* Viewer.swift in Sources */ = {isa = PBXBuildFile; fileRef = 9641BC631E588D50007774C4 /* Viewer.swift */; };
		9627ED5A1E58DB9A004B9F0E /* StringConvertable.swift in Sources */ = {isa = PBXBuildFile; fileRef = 962961471E589AB700C5218C /* StringConvertable.swift */; };
		9627ED5B1E58DB9A004B9F0E /* ValueRepresentable.swift in Sources */ = {isa = PBXBuildFile; fileRef = 962961491E589B5A00C5218C /* ValueRepresentable.swift */; };
		962961431E5898A400C5218C /* MainNormalCellViewModel.swift in Sources */ = {isa = PBXBuildFile; fileRef = 962961421E5898A400C5218C /* MainNormalCellViewModel.swift */; };
		962961481E589AB700C5218C /* StringConvertable.swift in Sources */ = {isa = PBXBuildFile; fileRef = 962961471E589AB700C5218C /* StringConvertable.swift */; };
		9629614A1E589B5A00C5218C /* ValueRepresentable.swift in Sources */ = {isa = PBXBuildFile; fileRef = 962961491E589B5A00C5218C /* ValueRepresentable.swift */; };
		9632E5E21E58CDEF0070DE8C /* JsonArray.swift in Sources */ = {isa = PBXBuildFile; fileRef = 9632E5E01E58CDEF0070DE8C /* JsonArray.swift */; };
		9632E5E31E58CDEF0070DE8C /* JsonArray.swift in Sources */ = {isa = PBXBuildFile; fileRef = 9632E5E01E58CDEF0070DE8C /* JsonArray.swift */; };
		9632E5E41E58CDEF0070DE8C /* JsonDictionary.swift in Sources */ = {isa = PBXBuildFile; fileRef = 9632E5E11E58CDEF0070DE8C /* JsonDictionary.swift */; };
		9632E5E51E58CDEF0070DE8C /* JsonDictionary.swift in Sources */ = {isa = PBXBuildFile; fileRef = 9632E5E11E58CDEF0070DE8C /* JsonDictionary.swift */; };
		9632E5EB1E58CE120070DE8C /* JsonDeserializeable.swift in Sources */ = {isa = PBXBuildFile; fileRef = 9632E5E61E58CE120070DE8C /* JsonDeserializeable.swift */; };
		9632E5EC1E58CE120070DE8C /* JsonDeserializeable.swift in Sources */ = {isa = PBXBuildFile; fileRef = 9632E5E61E58CE120070DE8C /* JsonDeserializeable.swift */; };
		9632E5ED1E58CE120070DE8C /* JsonSerializeable.swift in Sources */ = {isa = PBXBuildFile; fileRef = 9632E5E71E58CE120070DE8C /* JsonSerializeable.swift */; };
		9632E5EE1E58CE120070DE8C /* JsonSerializeable.swift in Sources */ = {isa = PBXBuildFile; fileRef = 9632E5E71E58CE120070DE8C /* JsonSerializeable.swift */; };
		9632E5EF1E58CE120070DE8C /* PropertyConverters.swift in Sources */ = {isa = PBXBuildFile; fileRef = 9632E5E81E58CE120070DE8C /* PropertyConverters.swift */; };
		9632E5F01E58CE120070DE8C /* PropertyConverters.swift in Sources */ = {isa = PBXBuildFile; fileRef = 9632E5E81E58CE120070DE8C /* PropertyConverters.swift */; };
		9632E5F11E58CE120070DE8C /* PropertyMapping.swift in Sources */ = {isa = PBXBuildFile; fileRef = 9632E5E91E58CE120070DE8C /* PropertyMapping.swift */; };
		9632E5F21E58CE120070DE8C /* PropertyMapping.swift in Sources */ = {isa = PBXBuildFile; fileRef = 9632E5E91E58CE120070DE8C /* PropertyMapping.swift */; };
		9632E5F31E58CE120070DE8C /* ArrayType.swift in Sources */ = {isa = PBXBuildFile; fileRef = 9632E5EA1E58CE120070DE8C /* ArrayType.swift */; };
		9632E5F41E58CE120070DE8C /* ArrayType.swift in Sources */ = {isa = PBXBuildFile; fileRef = 9632E5EA1E58CE120070DE8C /* ArrayType.swift */; };
		9632E5F81E58CF4E0070DE8C /* Utilities.swift in Sources */ = {isa = PBXBuildFile; fileRef = 9632E5F71E58CF4E0070DE8C /* Utilities.swift */; };
		9632E5F91E58CF4E0070DE8C /* Utilities.swift in Sources */ = {isa = PBXBuildFile; fileRef = 9632E5F71E58CF4E0070DE8C /* Utilities.swift */; };
		9632E5FC1E58D1930070DE8C /* MainModel.swift in Sources */ = {isa = PBXBuildFile; fileRef = 9632E5FB1E58D1930070DE8C /* MainModel.swift */; };
		9632E5FD1E58D1930070DE8C /* MainModel.swift in Sources */ = {isa = PBXBuildFile; fileRef = 9632E5FB1E58D1930070DE8C /* MainModel.swift */; };
		9632E5FE1E58D3000070DE8C /* Global.swift in Sources */ = {isa = PBXBuildFile; fileRef = 96F18BA61E507F6400C7CB31 /* Global.swift */; };
		9641BC591E588ACE007774C4 /* Binder.swift in Sources */ = {isa = PBXBuildFile; fileRef = 9641BC581E588ACE007774C4 /* Binder.swift */; };
		9641BC601E588C0D007774C4 /* MainAdjustableCellViewModel.swift in Sources */ = {isa = PBXBuildFile; fileRef = 9641BC5F1E588C0D007774C4 /* MainAdjustableCellViewModel.swift */; };
		9641BC621E588C8F007774C4 /* MainNormalCell.swift in Sources */ = {isa = PBXBuildFile; fileRef = 9641BC611E588C8F007774C4 /* MainNormalCell.swift */; };
		9641BC641E588D50007774C4 /* Viewer.swift in Sources */ = {isa = PBXBuildFile; fileRef = 9641BC631E588D50007774C4 /* Viewer.swift */; };
		96E2B7631E5891C800C090F7 /* MutatingClosure.swift in Sources */ = {isa = PBXBuildFile; fileRef = 96E2B7621E5891C800C090F7 /* MutatingClosure.swift */; };
		96E2B7651E58975400C090F7 /* MainAdjustableCell.swift in Sources */ = {isa = PBXBuildFile; fileRef = 96E2B7641E58975400C090F7 /* MainAdjustableCell.swift */; };
		96F18B501E507F1500C7CB31 /* AppDelegate.swift in Sources */ = {isa = PBXBuildFile; fileRef = 96F18B4F1E507F1500C7CB31 /* AppDelegate.swift */; };
		96F18B551E507F1500C7CB31 /* Main.storyboard in Resources */ = {isa = PBXBuildFile; fileRef = 96F18B531E507F1500C7CB31 /* Main.storyboard */; };
		96F18B571E507F1500C7CB31 /* Assets.xcassets in Resources */ = {isa = PBXBuildFile; fileRef = 96F18B561E507F1500C7CB31 /* Assets.xcassets */; };
		96F18B5A1E507F1500C7CB31 /* LaunchScreen.storyboard in Resources */ = {isa = PBXBuildFile; fileRef = 96F18B581E507F1500C7CB31 /* LaunchScreen.storyboard */; };
		96F18B651E507F1500C7CB31 /* FlashLightTests.swift in Sources */ = {isa = PBXBuildFile; fileRef = 96F18B641E507F1500C7CB31 /* FlashLightTests.swift */; };
		96F18B701E507F1500C7CB31 /* FlashLightUITests.swift in Sources */ = {isa = PBXBuildFile; fileRef = 96F18B6F1E507F1500C7CB31 /* FlashLightUITests.swift */; };
		96F18B751E507F1500C7CB31 /* FlashLight WatchKit App.app in Embed Watch Content */ = {isa = PBXBuildFile; fileRef = 96F18B741E507F1500C7CB31 /* FlashLight WatchKit App.app */; };
		96F18B7B1E507F1500C7CB31 /* Interface.storyboard in Resources */ = {isa = PBXBuildFile; fileRef = 96F18B791E507F1500C7CB31 /* Interface.storyboard */; };
		96F18B7D1E507F1500C7CB31 /* Assets.xcassets in Resources */ = {isa = PBXBuildFile; fileRef = 96F18B7C1E507F1500C7CB31 /* Assets.xcassets */; };
		96F18B841E507F1500C7CB31 /* FlashLight WatchKit Extension.appex in Embed App Extensions */ = {isa = PBXBuildFile; fileRef = 96F18B831E507F1500C7CB31 /* FlashLight WatchKit Extension.appex */; settings = {ATTRIBUTES = (RemoveHeadersOnCopy, ); }; };
		96F18B891E507F1500C7CB31 /* InterfaceController.swift in Sources */ = {isa = PBXBuildFile; fileRef = 96F18B881E507F1500C7CB31 /* InterfaceController.swift */; };
		96F18B8B1E507F1500C7CB31 /* ExtensionDelegate.swift in Sources */ = {isa = PBXBuildFile; fileRef = 96F18B8A1E507F1500C7CB31 /* ExtensionDelegate.swift */; };
		96F18B8D1E507F1500C7CB31 /* Assets.xcassets in Resources */ = {isa = PBXBuildFile; fileRef = 96F18B8C1E507F1500C7CB31 /* Assets.xcassets */; };
		96F18BA81E507F6400C7CB31 /* Global.swift in Sources */ = {isa = PBXBuildFile; fileRef = 96F18BA61E507F6400C7CB31 /* Global.swift */; };
		96F18BA91E507F6400C7CB31 /* UtilitiesExtension.swift in Sources */ = {isa = PBXBuildFile; fileRef = 96F18BA71E507F6400C7CB31 /* UtilitiesExtension.swift */; };
		96F18BAB1E507F7000C7CB31 /* MainViewModel.swift in Sources */ = {isa = PBXBuildFile; fileRef = 96F18BAA1E507F7000C7CB31 /* MainViewModel.swift */; };
		96F18BAD1E507F7B00C7CB31 /* MainViewController.swift in Sources */ = {isa = PBXBuildFile; fileRef = 96F18BAC1E507F7B00C7CB31 /* MainViewController.swift */; };
		96F18BB61E5080EF00C7CB31 /* InterfaceViewModel.swift in Sources */ = {isa = PBXBuildFile; fileRef = 96F18BB51E5080EF00C7CB31 /* InterfaceViewModel.swift */; };
/* End PBXBuildFile section */

/* Begin PBXContainerItemProxy section */
		96F18B611E507F1500C7CB31 /* PBXContainerItemProxy */ = {
			isa = PBXContainerItemProxy;
			containerPortal = 96F18B441E507F1500C7CB31 /* Project object */;
			proxyType = 1;
			remoteGlobalIDString = 96F18B4B1E507F1500C7CB31;
			remoteInfo = FlashLight;
		};
		96F18B6C1E507F1500C7CB31 /* PBXContainerItemProxy */ = {
			isa = PBXContainerItemProxy;
			containerPortal = 96F18B441E507F1500C7CB31 /* Project object */;
			proxyType = 1;
			remoteGlobalIDString = 96F18B4B1E507F1500C7CB31;
			remoteInfo = FlashLight;
		};
		96F18B761E507F1500C7CB31 /* PBXContainerItemProxy */ = {
			isa = PBXContainerItemProxy;
			containerPortal = 96F18B441E507F1500C7CB31 /* Project object */;
			proxyType = 1;
			remoteGlobalIDString = 96F18B731E507F1500C7CB31;
			remoteInfo = "FlashLight WatchKit App";
		};
		96F18B851E507F1500C7CB31 /* PBXContainerItemProxy */ = {
			isa = PBXContainerItemProxy;
			containerPortal = 96F18B441E507F1500C7CB31 /* Project object */;
			proxyType = 1;
			remoteGlobalIDString = 96F18B821E507F1500C7CB31;
			remoteInfo = "FlashLight WatchKit Extension";
		};
/* End PBXContainerItemProxy section */

/* Begin PBXCopyFilesBuildPhase section */
		9618A6321E50829A0097A76F /* Embed Frameworks */ = {
			isa = PBXCopyFilesBuildPhase;
			buildActionMask = 2147483647;
			dstPath = "";
			dstSubfolderSpec = 10;
			files = (
			);
			name = "Embed Frameworks";
			runOnlyForDeploymentPostprocessing = 0;
		};
		96F18B941E507F1500C7CB31 /* Embed App Extensions */ = {
			isa = PBXCopyFilesBuildPhase;
			buildActionMask = 2147483647;
			dstPath = "";
			dstSubfolderSpec = 13;
			files = (
				96F18B841E507F1500C7CB31 /* FlashLight WatchKit Extension.appex in Embed App Extensions */,
			);
			name = "Embed App Extensions";
			runOnlyForDeploymentPostprocessing = 0;
		};
		96F18B981E507F1500C7CB31 /* Embed Watch Content */ = {
			isa = PBXCopyFilesBuildPhase;
			buildActionMask = 2147483647;
			dstPath = "$(CONTENTS_FOLDER_PATH)/Watch";
			dstSubfolderSpec = 16;
			files = (
				96F18B751E507F1500C7CB31 /* FlashLight WatchKit App.app in Embed Watch Content */,
			);
			name = "Embed Watch Content";
			runOnlyForDeploymentPostprocessing = 0;
		};
/* End PBXCopyFilesBuildPhase section */

/* Begin PBXFileReference section */
		9626DEB81E62FF9100EA0D23 /* Progressor.swift */ = {isa = PBXFileReference; fileEncoding = 4; lastKnownFileType = sourcecode.swift; path = Progressor.swift; sourceTree = "<group>"; };
		9626DEBA1E63011D00EA0D23 /* Updateable.swift */ = {isa = PBXFileReference; fileEncoding = 4; lastKnownFileType = sourcecode.swift; path = Updateable.swift; sourceTree = "<group>"; };
		962961421E5898A400C5218C /* MainNormalCellViewModel.swift */ = {isa = PBXFileReference; fileEncoding = 4; lastKnownFileType = sourcecode.swift; path = MainNormalCellViewModel.swift; sourceTree = "<group>"; };
		962961471E589AB700C5218C /* StringConvertable.swift */ = {isa = PBXFileReference; fileEncoding = 4; lastKnownFileType = sourcecode.swift; path = StringConvertable.swift; sourceTree = "<group>"; };
		962961491E589B5A00C5218C /* ValueRepresentable.swift */ = {isa = PBXFileReference; fileEncoding = 4; lastKnownFileType = sourcecode.swift; path = ValueRepresentable.swift; sourceTree = "<group>"; };
		9632E5DF1E58CDEF0070DE8C /* FlashLight WatchKit App-Bridging-Header.h */ = {isa = PBXFileReference; lastKnownFileType = sourcecode.c.h; path = "FlashLight WatchKit App-Bridging-Header.h"; sourceTree = "<group>"; };
		9632E5E01E58CDEF0070DE8C /* JsonArray.swift */ = {isa = PBXFileReference; fileEncoding = 4; lastKnownFileType = sourcecode.swift; path = JsonArray.swift; sourceTree = "<group>"; };
		9632E5E11E58CDEF0070DE8C /* JsonDictionary.swift */ = {isa = PBXFileReference; fileEncoding = 4; lastKnownFileType = sourcecode.swift; path = JsonDictionary.swift; sourceTree = "<group>"; };
		9632E5E61E58CE120070DE8C /* JsonDeserializeable.swift */ = {isa = PBXFileReference; fileEncoding = 4; lastKnownFileType = sourcecode.swift; path = JsonDeserializeable.swift; sourceTree = "<group>"; };
		9632E5E71E58CE120070DE8C /* JsonSerializeable.swift */ = {isa = PBXFileReference; fileEncoding = 4; lastKnownFileType = sourcecode.swift; path = JsonSerializeable.swift; sourceTree = "<group>"; };
		9632E5E81E58CE120070DE8C /* PropertyConverters.swift */ = {isa = PBXFileReference; fileEncoding = 4; lastKnownFileType = sourcecode.swift; path = PropertyConverters.swift; sourceTree = "<group>"; };
		9632E5E91E58CE120070DE8C /* PropertyMapping.swift */ = {isa = PBXFileReference; fileEncoding = 4; lastKnownFileType = sourcecode.swift; path = PropertyMapping.swift; sourceTree = "<group>"; };
		9632E5EA1E58CE120070DE8C /* ArrayType.swift */ = {isa = PBXFileReference; fileEncoding = 4; lastKnownFileType = sourcecode.swift; path = ArrayType.swift; sourceTree = "<group>"; };
		9632E5F71E58CF4E0070DE8C /* Utilities.swift */ = {isa = PBXFileReference; fileEncoding = 4; lastKnownFileType = sourcecode.swift; path = Utilities.swift; sourceTree = "<group>"; };
		9632E5FB1E58D1930070DE8C /* MainModel.swift */ = {isa = PBXFileReference; fileEncoding = 4; lastKnownFileType = sourcecode.swift; path = MainModel.swift; sourceTree = "<group>"; };
		9641BC581E588ACE007774C4 /* Binder.swift */ = {isa = PBXFileReference; fileEncoding = 4; lastKnownFileType = sourcecode.swift; path = Binder.swift; sourceTree = "<group>"; };
		9641BC5F1E588C0D007774C4 /* MainAdjustableCellViewModel.swift */ = {isa = PBXFileReference; fileEncoding = 4; lastKnownFileType = sourcecode.swift; path = MainAdjustableCellViewModel.swift; sourceTree = "<group>"; };
		9641BC611E588C8F007774C4 /* MainNormalCell.swift */ = {isa = PBXFileReference; fileEncoding = 4; lastKnownFileType = sourcecode.swift; path = MainNormalCell.swift; sourceTree = "<group>"; };
		9641BC631E588D50007774C4 /* Viewer.swift */ = {isa = PBXFileReference; fileEncoding = 4; lastKnownFileType = sourcecode.swift; path = Viewer.swift; sourceTree = "<group>"; };
		96E2B7621E5891C800C090F7 /* MutatingClosure.swift */ = {isa = PBXFileReference; fileEncoding = 4; lastKnownFileType = sourcecode.swift; path = MutatingClosure.swift; sourceTree = "<group>"; };
		96E2B7641E58975400C090F7 /* MainAdjustableCell.swift */ = {isa = PBXFileReference; fileEncoding = 4; lastKnownFileType = sourcecode.swift; path = MainAdjustableCell.swift; sourceTree = "<group>"; };
		96F18B4C1E507F1500C7CB31 /* FlashLight.app */ = {isa = PBXFileReference; explicitFileType = wrapper.application; includeInIndex = 0; path = FlashLight.app; sourceTree = BUILT_PRODUCTS_DIR; };
		96F18B4F1E507F1500C7CB31 /* AppDelegate.swift */ = {isa = PBXFileReference; lastKnownFileType = sourcecode.swift; path = AppDelegate.swift; sourceTree = "<group>"; };
		96F18B541E507F1500C7CB31 /* Base */ = {isa = PBXFileReference; lastKnownFileType = file.storyboard; name = Base; path = Base.lproj/Main.storyboard; sourceTree = "<group>"; };
		96F18B561E507F1500C7CB31 /* Assets.xcassets */ = {isa = PBXFileReference; lastKnownFileType = folder.assetcatalog; path = Assets.xcassets; sourceTree = "<group>"; };
		96F18B591E507F1500C7CB31 /* Base */ = {isa = PBXFileReference; lastKnownFileType = file.storyboard; name = Base; path = Base.lproj/LaunchScreen.storyboard; sourceTree = "<group>"; };
		96F18B5B1E507F1500C7CB31 /* Info.plist */ = {isa = PBXFileReference; lastKnownFileType = text.plist.xml; path = Info.plist; sourceTree = "<group>"; };
		96F18B601E507F1500C7CB31 /* FlashLightTests.xctest */ = {isa = PBXFileReference; explicitFileType = wrapper.cfbundle; includeInIndex = 0; path = FlashLightTests.xctest; sourceTree = BUILT_PRODUCTS_DIR; };
		96F18B641E507F1500C7CB31 /* FlashLightTests.swift */ = {isa = PBXFileReference; lastKnownFileType = sourcecode.swift; path = FlashLightTests.swift; sourceTree = "<group>"; };
		96F18B661E507F1500C7CB31 /* Info.plist */ = {isa = PBXFileReference; lastKnownFileType = text.plist.xml; path = Info.plist; sourceTree = "<group>"; };
		96F18B6B1E507F1500C7CB31 /* FlashLightUITests.xctest */ = {isa = PBXFileReference; explicitFileType = wrapper.cfbundle; includeInIndex = 0; path = FlashLightUITests.xctest; sourceTree = BUILT_PRODUCTS_DIR; };
		96F18B6F1E507F1500C7CB31 /* FlashLightUITests.swift */ = {isa = PBXFileReference; lastKnownFileType = sourcecode.swift; path = FlashLightUITests.swift; sourceTree = "<group>"; };
		96F18B711E507F1500C7CB31 /* Info.plist */ = {isa = PBXFileReference; lastKnownFileType = text.plist.xml; path = Info.plist; sourceTree = "<group>"; };
		96F18B741E507F1500C7CB31 /* FlashLight WatchKit App.app */ = {isa = PBXFileReference; explicitFileType = wrapper.application; includeInIndex = 0; path = "FlashLight WatchKit App.app"; sourceTree = BUILT_PRODUCTS_DIR; };
		96F18B7A1E507F1500C7CB31 /* Base */ = {isa = PBXFileReference; lastKnownFileType = file.storyboard; name = Base; path = Base.lproj/Interface.storyboard; sourceTree = "<group>"; };
		96F18B7C1E507F1500C7CB31 /* Assets.xcassets */ = {isa = PBXFileReference; lastKnownFileType = folder.assetcatalog; path = Assets.xcassets; sourceTree = "<group>"; };
		96F18B7E1E507F1500C7CB31 /* Info.plist */ = {isa = PBXFileReference; lastKnownFileType = text.plist.xml; path = Info.plist; sourceTree = "<group>"; };
		96F18B831E507F1500C7CB31 /* FlashLight WatchKit Extension.appex */ = {isa = PBXFileReference; explicitFileType = "wrapper.app-extension"; includeInIndex = 0; path = "FlashLight WatchKit Extension.appex"; sourceTree = BUILT_PRODUCTS_DIR; };
		96F18B881E507F1500C7CB31 /* InterfaceController.swift */ = {isa = PBXFileReference; lastKnownFileType = sourcecode.swift; path = InterfaceController.swift; sourceTree = "<group>"; };
		96F18B8A1E507F1500C7CB31 /* ExtensionDelegate.swift */ = {isa = PBXFileReference; lastKnownFileType = sourcecode.swift; path = ExtensionDelegate.swift; sourceTree = "<group>"; };
		96F18B8C1E507F1500C7CB31 /* Assets.xcassets */ = {isa = PBXFileReference; lastKnownFileType = folder.assetcatalog; path = Assets.xcassets; sourceTree = "<group>"; };
		96F18B8E1E507F1500C7CB31 /* Info.plist */ = {isa = PBXFileReference; lastKnownFileType = text.plist.xml; path = Info.plist; sourceTree = "<group>"; };
		96F18BA61E507F6400C7CB31 /* Global.swift */ = {isa = PBXFileReference; fileEncoding = 4; lastKnownFileType = sourcecode.swift; path = Global.swift; sourceTree = "<group>"; };
		96F18BA71E507F6400C7CB31 /* UtilitiesExtension.swift */ = {isa = PBXFileReference; fileEncoding = 4; lastKnownFileType = sourcecode.swift; path = UtilitiesExtension.swift; sourceTree = "<group>"; };
		96F18BAA1E507F7000C7CB31 /* MainViewModel.swift */ = {isa = PBXFileReference; fileEncoding = 4; lastKnownFileType = sourcecode.swift; path = MainViewModel.swift; sourceTree = "<group>"; };
		96F18BAC1E507F7B00C7CB31 /* MainViewController.swift */ = {isa = PBXFileReference; fileEncoding = 4; lastKnownFileType = sourcecode.swift; path = MainViewController.swift; sourceTree = "<group>"; };
		96F18BB51E5080EF00C7CB31 /* InterfaceViewModel.swift */ = {isa = PBXFileReference; fileEncoding = 4; lastKnownFileType = sourcecode.swift; path = InterfaceViewModel.swift; sourceTree = "<group>"; };
/* End PBXFileReference section */

/* Begin PBXFrameworksBuildPhase section */
		96F18B491E507F1500C7CB31 /* Frameworks */ = {
			isa = PBXFrameworksBuildPhase;
			buildActionMask = 2147483647;
			files = (
			);
			runOnlyForDeploymentPostprocessing = 0;
		};
		96F18B5D1E507F1500C7CB31 /* Frameworks */ = {
			isa = PBXFrameworksBuildPhase;
			buildActionMask = 2147483647;
			files = (
			);
			runOnlyForDeploymentPostprocessing = 0;
		};
		96F18B681E507F1500C7CB31 /* Frameworks */ = {
			isa = PBXFrameworksBuildPhase;
			buildActionMask = 2147483647;
			files = (
			);
			runOnlyForDeploymentPostprocessing = 0;
		};
		96F18B801E507F1500C7CB31 /* Frameworks */ = {
			isa = PBXFrameworksBuildPhase;
			buildActionMask = 2147483647;
			files = (
			);
			runOnlyForDeploymentPostprocessing = 0;
		};
/* End PBXFrameworksBuildPhase section */

/* Begin PBXGroup section */
		962961441E5898CD00C5218C /* AdjustableCell */ = {
			isa = PBXGroup;
			children = (
				962961451E5898E200C5218C /* ViewModels */,
				962961461E5898E200C5218C /* Views */,
			);
			name = AdjustableCell;
			sourceTree = "<group>";
		};
		962961451E5898E200C5218C /* ViewModels */ = {
			isa = PBXGroup;
			children = (
				9641BC5F1E588C0D007774C4 /* MainAdjustableCellViewModel.swift */,
			);
			name = ViewModels;
			sourceTree = "<group>";
		};
		962961461E5898E200C5218C /* Views */ = {
			isa = PBXGroup;
			children = (
				96E2B7641E58975400C090F7 /* MainAdjustableCell.swift */,
			);
			name = Views;
			sourceTree = "<group>";
		};
		9632E5DC1E58CD980070DE8C /* JsonFramework */ = {
			isa = PBXGroup;
			children = (
				9632E5DD1E58CDAA0070DE8C /* Typealias */,
				9632E5DE1E58CDAA0070DE8C /* Protocols */,
			);
			name = JsonFramework;
			sourceTree = "<group>";
		};
		9632E5DD1E58CDAA0070DE8C /* Typealias */ = {
			isa = PBXGroup;
			children = (
				9632E5E01E58CDEF0070DE8C /* JsonArray.swift */,
				9632E5E11E58CDEF0070DE8C /* JsonDictionary.swift */,
			);
			name = Typealias;
			sourceTree = "<group>";
		};
		9632E5DE1E58CDAA0070DE8C /* Protocols */ = {
			isa = PBXGroup;
			children = (
				9632E5E61E58CE120070DE8C /* JsonDeserializeable.swift */,
				9632E5E71E58CE120070DE8C /* JsonSerializeable.swift */,
				9632E5E81E58CE120070DE8C /* PropertyConverters.swift */,
				9632E5E91E58CE120070DE8C /* PropertyMapping.swift */,
				9632E5EA1E58CE120070DE8C /* ArrayType.swift */,
			);
			name = Protocols;
			sourceTree = "<group>";
		};
		9632E5FA1E58D16D0070DE8C /* Models */ = {
			isa = PBXGroup;
			children = (
				9632E5FB1E58D1930070DE8C /* MainModel.swift */,
			);
			name = Models;
			sourceTree = "<group>";
		};
		9641BC571E588ABB007774C4 /* Protocols */ = {
			isa = PBXGroup;
			children = (
				9641BC581E588ACE007774C4 /* Binder.swift */,
				9641BC631E588D50007774C4 /* Viewer.swift */,
				96E2B7621E5891C800C090F7 /* MutatingClosure.swift */,
				962961471E589AB700C5218C /* StringConvertable.swift */,
				962961491E589B5A00C5218C /* ValueRepresentable.swift */,
				9626DEB81E62FF9100EA0D23 /* Progressor.swift */,
				9626DEBA1E63011D00EA0D23 /* Updateable.swift */,
			);
			name = Protocols;
			sourceTree = "<group>";
		};
		9641BC5A1E588B29007774C4 /* Page */ = {
			isa = PBXGroup;
			children = (
				9632E5FA1E58D16D0070DE8C /* Models */,
				96F18BA51E507F3300C7CB31 /* ViewModels */,
				96F18BA41E507F3100C7CB31 /* Views */,
			);
			name = Page;
			sourceTree = "<group>";
		};
		9641BC5C1E588BE1007774C4 /* NormalCell */ = {
			isa = PBXGroup;
			children = (
				9641BC5D1E588BF0007774C4 /* ViewModels */,
				9641BC5E1E588BF0007774C4 /* Views */,
			);
			name = NormalCell;
			sourceTree = "<group>";
		};
		9641BC5D1E588BF0007774C4 /* ViewModels */ = {
			isa = PBXGroup;
			children = (
				962961421E5898A400C5218C /* MainNormalCellViewModel.swift */,
			);
			name = ViewModels;
			sourceTree = "<group>";
		};
		9641BC5E1E588BF0007774C4 /* Views */ = {
			isa = PBXGroup;
			children = (
				9641BC611E588C8F007774C4 /* MainNormalCell.swift */,
			);
			name = Views;
			sourceTree = "<group>";
		};
		96F18B431E507F1500C7CB31 = {
			isa = PBXGroup;
			children = (
				96F18B4E1E507F1500C7CB31 /* FlashLight */,
				96F18B631E507F1500C7CB31 /* FlashLightTests */,
				96F18B6E1E507F1500C7CB31 /* FlashLightUITests */,
				96F18B781E507F1500C7CB31 /* FlashLight WatchKit App */,
				96F18B871E507F1500C7CB31 /* FlashLight WatchKit Extension */,
				96F18B4D1E507F1500C7CB31 /* Products */,
			);
			sourceTree = "<group>";
		};
		96F18B4D1E507F1500C7CB31 /* Products */ = {
			isa = PBXGroup;
			children = (
				96F18B4C1E507F1500C7CB31 /* FlashLight.app */,
				96F18B601E507F1500C7CB31 /* FlashLightTests.xctest */,
				96F18B6B1E507F1500C7CB31 /* FlashLightUITests.xctest */,
				96F18B741E507F1500C7CB31 /* FlashLight WatchKit App.app */,
				96F18B831E507F1500C7CB31 /* FlashLight WatchKit Extension.appex */,
			);
			name = Products;
			sourceTree = "<group>";
		};
		96F18B4E1E507F1500C7CB31 /* FlashLight */ = {
			isa = PBXGroup;
			children = (
				9632E5DF1E58CDEF0070DE8C /* FlashLight WatchKit App-Bridging-Header.h */,
				9632E5DC1E58CD980070DE8C /* JsonFramework */,
				9641BC571E588ABB007774C4 /* Protocols */,
				96F18BA21E507F2800C7CB31 /* Helper */,
				96F18BA31E507F2800C7CB31 /* App */,
				96F18B4F1E507F1500C7CB31 /* AppDelegate.swift */,
				96F18B531E507F1500C7CB31 /* Main.storyboard */,
				96F18B561E507F1500C7CB31 /* Assets.xcassets */,
				96F18B581E507F1500C7CB31 /* LaunchScreen.storyboard */,
				96F18B5B1E507F1500C7CB31 /* Info.plist */,
			);
			path = FlashLight;
			sourceTree = "<group>";
		};
		96F18B631E507F1500C7CB31 /* FlashLightTests */ = {
			isa = PBXGroup;
			children = (
				96F18B641E507F1500C7CB31 /* FlashLightTests.swift */,
				96F18B661E507F1500C7CB31 /* Info.plist */,
			);
			path = FlashLightTests;
			sourceTree = "<group>";
		};
		96F18B6E1E507F1500C7CB31 /* FlashLightUITests */ = {
			isa = PBXGroup;
			children = (
				96F18B6F1E507F1500C7CB31 /* FlashLightUITests.swift */,
				96F18B711E507F1500C7CB31 /* Info.plist */,
			);
			path = FlashLightUITests;
			sourceTree = "<group>";
		};
		96F18B781E507F1500C7CB31 /* FlashLight WatchKit App */ = {
			isa = PBXGroup;
			children = (
				96F18BB31E5080AA00C7CB31 /* 主畫面 */,
				96F18B7C1E507F1500C7CB31 /* Assets.xcassets */,
				96F18B7E1E507F1500C7CB31 /* Info.plist */,
			);
			path = "FlashLight WatchKit App";
			sourceTree = "<group>";
		};
		96F18B871E507F1500C7CB31 /* FlashLight WatchKit Extension */ = {
			isa = PBXGroup;
			children = (
				96F18BAE1E50807400C7CB31 /* App */,
				96F18B8A1E507F1500C7CB31 /* ExtensionDelegate.swift */,
				96F18B8C1E507F1500C7CB31 /* Assets.xcassets */,
				96F18B8E1E507F1500C7CB31 /* Info.plist */,
			);
			path = "FlashLight WatchKit Extension";
			sourceTree = "<group>";
		};
		96F18BA21E507F2800C7CB31 /* Helper */ = {
			isa = PBXGroup;
			children = (
				96F18BA61E507F6400C7CB31 /* Global.swift */,
				9632E5F71E58CF4E0070DE8C /* Utilities.swift */,
				96F18BA71E507F6400C7CB31 /* UtilitiesExtension.swift */,
			);
			name = Helper;
			sourceTree = "<group>";
		};
		96F18BA31E507F2800C7CB31 /* App */ = {
			isa = PBXGroup;
			children = (
				96F18BB01E50808600C7CB31 /* 主畫面 */,
			);
			name = App;
			sourceTree = "<group>";
		};
		96F18BA41E507F3100C7CB31 /* Views */ = {
			isa = PBXGroup;
			children = (
				96F18BAC1E507F7B00C7CB31 /* MainViewController.swift */,
			);
			name = Views;
			sourceTree = "<group>";
		};
		96F18BA51E507F3300C7CB31 /* ViewModels */ = {
			isa = PBXGroup;
			children = (
				96F18BAA1E507F7000C7CB31 /* MainViewModel.swift */,
			);
			name = ViewModels;
			sourceTree = "<group>";
		};
		96F18BAE1E50807400C7CB31 /* App */ = {
			isa = PBXGroup;
			children = (
				96F18BAF1E50807400C7CB31 /* 主畫面 */,
			);
			name = App;
			sourceTree = "<group>";
		};
		96F18BAF1E50807400C7CB31 /* 主畫面 */ = {
			isa = PBXGroup;
			children = (
				96F18BB21E50808E00C7CB31 /* ViewModels */,
				96F18BB11E50808E00C7CB31 /* Views */,
			);
			name = "主畫面";
			sourceTree = "<group>";
		};
		96F18BB01E50808600C7CB31 /* 主畫面 */ = {
			isa = PBXGroup;
			children = (
				9641BC5A1E588B29007774C4 /* Page */,
				9641BC5C1E588BE1007774C4 /* NormalCell */,
				962961441E5898CD00C5218C /* AdjustableCell */,
			);
			name = "主畫面";
			sourceTree = "<group>";
		};
		96F18BB11E50808E00C7CB31 /* Views */ = {
			isa = PBXGroup;
			children = (
				96F18B881E507F1500C7CB31 /* InterfaceController.swift */,
			);
			name = Views;
			sourceTree = "<group>";
		};
		96F18BB21E50808E00C7CB31 /* ViewModels */ = {
			isa = PBXGroup;
			children = (
				96F18BB51E5080EF00C7CB31 /* InterfaceViewModel.swift */,
			);
			name = ViewModels;
			sourceTree = "<group>";
		};
		96F18BB31E5080AA00C7CB31 /* 主畫面 */ = {
			isa = PBXGroup;
			children = (
				96F18BB41E5080B400C7CB31 /* Views */,
			);
			name = "主畫面";
			sourceTree = "<group>";
		};
		96F18BB41E5080B400C7CB31 /* Views */ = {
			isa = PBXGroup;
			children = (
				96F18B791E507F1500C7CB31 /* Interface.storyboard */,
			);
			name = Views;
			sourceTree = "<group>";
		};
/* End PBXGroup section */

/* Begin PBXNativeTarget section */
		96F18B4B1E507F1500C7CB31 /* FlashLight */ = {
			isa = PBXNativeTarget;
			buildConfigurationList = 96F18B991E507F1500C7CB31 /* Build configuration list for PBXNativeTarget "FlashLight" */;
			buildPhases = (
				96F18B481E507F1500C7CB31 /* Sources */,
				96F18B491E507F1500C7CB31 /* Frameworks */,
				96F18B4A1E507F1500C7CB31 /* Resources */,
				96F18B981E507F1500C7CB31 /* Embed Watch Content */,
				9618A6321E50829A0097A76F /* Embed Frameworks */,
			);
			buildRules = (
			);
			dependencies = (
				96F18B771E507F1500C7CB31 /* PBXTargetDependency */,
			);
			name = FlashLight;
			productName = FlashLight;
			productReference = 96F18B4C1E507F1500C7CB31 /* FlashLight.app */;
			productType = "com.apple.product-type.application";
		};
		96F18B5F1E507F1500C7CB31 /* FlashLightTests */ = {
			isa = PBXNativeTarget;
			buildConfigurationList = 96F18B9C1E507F1500C7CB31 /* Build configuration list for PBXNativeTarget "FlashLightTests" */;
			buildPhases = (
				96F18B5C1E507F1500C7CB31 /* Sources */,
				96F18B5D1E507F1500C7CB31 /* Frameworks */,
				96F18B5E1E507F1500C7CB31 /* Resources */,
			);
			buildRules = (
			);
			dependencies = (
				96F18B621E507F1500C7CB31 /* PBXTargetDependency */,
			);
			name = FlashLightTests;
			productName = FlashLightTests;
			productReference = 96F18B601E507F1500C7CB31 /* FlashLightTests.xctest */;
			productType = "com.apple.product-type.bundle.unit-test";
		};
		96F18B6A1E507F1500C7CB31 /* FlashLightUITests */ = {
			isa = PBXNativeTarget;
			buildConfigurationList = 96F18B9F1E507F1500C7CB31 /* Build configuration list for PBXNativeTarget "FlashLightUITests" */;
			buildPhases = (
				96F18B671E507F1500C7CB31 /* Sources */,
				96F18B681E507F1500C7CB31 /* Frameworks */,
				96F18B691E507F1500C7CB31 /* Resources */,
			);
			buildRules = (
			);
			dependencies = (
				96F18B6D1E507F1500C7CB31 /* PBXTargetDependency */,
			);
			name = FlashLightUITests;
			productName = FlashLightUITests;
			productReference = 96F18B6B1E507F1500C7CB31 /* FlashLightUITests.xctest */;
			productType = "com.apple.product-type.bundle.ui-testing";
		};
		96F18B731E507F1500C7CB31 /* FlashLight WatchKit App */ = {
			isa = PBXNativeTarget;
			buildConfigurationList = 96F18B951E507F1500C7CB31 /* Build configuration list for PBXNativeTarget "FlashLight WatchKit App" */;
			buildPhases = (
				96F18B721E507F1500C7CB31 /* Resources */,
				96F18B941E507F1500C7CB31 /* Embed App Extensions */,
			);
			buildRules = (
			);
			dependencies = (
				96F18B861E507F1500C7CB31 /* PBXTargetDependency */,
			);
			name = "FlashLight WatchKit App";
			productName = "FlashLight WatchKit App";
			productReference = 96F18B741E507F1500C7CB31 /* FlashLight WatchKit App.app */;
			productType = "com.apple.product-type.application.watchapp2";
		};
		96F18B821E507F1500C7CB31 /* FlashLight WatchKit Extension */ = {
			isa = PBXNativeTarget;
			buildConfigurationList = 96F18B911E507F1500C7CB31 /* Build configuration list for PBXNativeTarget "FlashLight WatchKit Extension" */;
			buildPhases = (
				96F18B7F1E507F1500C7CB31 /* Sources */,
				96F18B801E507F1500C7CB31 /* Frameworks */,
				96F18B811E507F1500C7CB31 /* Resources */,
			);
			buildRules = (
			);
			dependencies = (
			);
			name = "FlashLight WatchKit Extension";
			productName = "FlashLight WatchKit Extension";
			productReference = 96F18B831E507F1500C7CB31 /* FlashLight WatchKit Extension.appex */;
			productType = "com.apple.product-type.watchkit2-extension";
		};
/* End PBXNativeTarget section */

/* Begin PBXProject section */
		96F18B441E507F1500C7CB31 /* Project object */ = {
			isa = PBXProject;
			attributes = {
				LastSwiftUpdateCheck = 0820;
				LastUpgradeCheck = 0820;
				ORGANIZATIONNAME = "劉柏賢";
				TargetAttributes = {
					96F18B4B1E507F1500C7CB31 = {
						CreatedOnToolsVersion = 8.2.1;
						DevelopmentTeam = 8W6454B7RN;
						ProvisioningStyle = Manual;
					};
					96F18B5F1E507F1500C7CB31 = {
						CreatedOnToolsVersion = 8.2.1;
						DevelopmentTeam = 8W6454B7RN;
						ProvisioningStyle = Automatic;
						TestTargetID = 96F18B4B1E507F1500C7CB31;
					};
					96F18B6A1E507F1500C7CB31 = {
						CreatedOnToolsVersion = 8.2.1;
						DevelopmentTeam = 8W6454B7RN;
						ProvisioningStyle = Automatic;
						TestTargetID = 96F18B4B1E507F1500C7CB31;
					};
					96F18B731E507F1500C7CB31 = {
						CreatedOnToolsVersion = 8.2.1;
						DevelopmentTeam = 8W6454B7RN;
						LastSwiftMigration = 0820;
						ProvisioningStyle = Manual;
					};
					96F18B821E507F1500C7CB31 = {
						CreatedOnToolsVersion = 8.2.1;
						DevelopmentTeam = 8W6454B7RN;
						ProvisioningStyle = Manual;
					};
				};
			};
			buildConfigurationList = 96F18B471E507F1500C7CB31 /* Build configuration list for PBXProject "FlashLight" */;
			compatibilityVersion = "Xcode 3.2";
			developmentRegion = English;
			hasScannedForEncodings = 0;
			knownRegions = (
				en,
				Base,
			);
			mainGroup = 96F18B431E507F1500C7CB31;
			productRefGroup = 96F18B4D1E507F1500C7CB31 /* Products */;
			projectDirPath = "";
			projectRoot = "";
			targets = (
				96F18B4B1E507F1500C7CB31 /* FlashLight */,
				96F18B5F1E507F1500C7CB31 /* FlashLightTests */,
				96F18B6A1E507F1500C7CB31 /* FlashLightUITests */,
				96F18B731E507F1500C7CB31 /* FlashLight WatchKit App */,
				96F18B821E507F1500C7CB31 /* FlashLight WatchKit Extension */,
			);
		};
/* End PBXProject section */

/* Begin PBXResourcesBuildPhase section */
		96F18B4A1E507F1500C7CB31 /* Resources */ = {
			isa = PBXResourcesBuildPhase;
			buildActionMask = 2147483647;
			files = (
				96F18B5A1E507F1500C7CB31 /* LaunchScreen.storyboard in Resources */,
				96F18B571E507F1500C7CB31 /* Assets.xcassets in Resources */,
				96F18B551E507F1500C7CB31 /* Main.storyboard in Resources */,
			);
			runOnlyForDeploymentPostprocessing = 0;
		};
		96F18B5E1E507F1500C7CB31 /* Resources */ = {
			isa = PBXResourcesBuildPhase;
			buildActionMask = 2147483647;
			files = (
			);
			runOnlyForDeploymentPostprocessing = 0;
		};
		96F18B691E507F1500C7CB31 /* Resources */ = {
			isa = PBXResourcesBuildPhase;
			buildActionMask = 2147483647;
			files = (
			);
			runOnlyForDeploymentPostprocessing = 0;
		};
		96F18B721E507F1500C7CB31 /* Resources */ = {
			isa = PBXResourcesBuildPhase;
			buildActionMask = 2147483647;
			files = (
				96F18B7D1E507F1500C7CB31 /* Assets.xcassets in Resources */,
				96F18B7B1E507F1500C7CB31 /* Interface.storyboard in Resources */,
			);
			runOnlyForDeploymentPostprocessing = 0;
		};
		96F18B811E507F1500C7CB31 /* Resources */ = {
			isa = PBXResourcesBuildPhase;
			buildActionMask = 2147483647;
			files = (
				96F18B8D1E507F1500C7CB31 /* Assets.xcassets in Resources */,
			);
			runOnlyForDeploymentPostprocessing = 0;
		};
/* End PBXResourcesBuildPhase section */

/* Begin PBXSourcesBuildPhase section */
		96F18B481E507F1500C7CB31 /* Sources */ = {
			isa = PBXSourcesBuildPhase;
			buildActionMask = 2147483647;
			files = (
				9641BC641E588D50007774C4 /* Viewer.swift in Sources */,
				9626DEB91E62FF9100EA0D23 /* Progressor.swift in Sources */,
				96F18BAB1E507F7000C7CB31 /* MainViewModel.swift in Sources */,
				9632E5F81E58CF4E0070DE8C /* Utilities.swift in Sources */,
				96E2B7631E5891C800C090F7 /* MutatingClosure.swift in Sources */,
				9641BC591E588ACE007774C4 /* Binder.swift in Sources */,
				9632E5E21E58CDEF0070DE8C /* JsonArray.swift in Sources */,
				9641BC601E588C0D007774C4 /* MainAdjustableCellViewModel.swift in Sources */,
				9632E5EB1E58CE120070DE8C /* JsonDeserializeable.swift in Sources */,
				962961481E589AB700C5218C /* StringConvertable.swift in Sources */,
				96F18B501E507F1500C7CB31 /* AppDelegate.swift in Sources */,
				96F18BAD1E507F7B00C7CB31 /* MainViewController.swift in Sources */,
				96F18BA91E507F6400C7CB31 /* UtilitiesExtension.swift in Sources */,
				9629614A1E589B5A00C5218C /* ValueRepresentable.swift in Sources */,
				9632E5FC1E58D1930070DE8C /* MainModel.swift in Sources */,
				9641BC621E588C8F007774C4 /* MainNormalCell.swift in Sources */,
				9626DEBB1E63011D00EA0D23 /* Updateable.swift in Sources */,
				9632E5EF1E58CE120070DE8C /* PropertyConverters.swift in Sources */,
				9632E5F31E58CE120070DE8C /* ArrayType.swift in Sources */,
				96E2B7651E58975400C090F7 /* MainAdjustableCell.swift in Sources */,
				9632E5ED1E58CE120070DE8C /* JsonSerializeable.swift in Sources */,
				96F18BA81E507F6400C7CB31 /* Global.swift in Sources */,
				9632E5F11E58CE120070DE8C /* PropertyMapping.swift in Sources */,
				962961431E5898A400C5218C /* MainNormalCellViewModel.swift in Sources */,
				9632E5E41E58CDEF0070DE8C /* JsonDictionary.swift in Sources */,
			);
			runOnlyForDeploymentPostprocessing = 0;
		};
		96F18B5C1E507F1500C7CB31 /* Sources */ = {
			isa = PBXSourcesBuildPhase;
			buildActionMask = 2147483647;
			files = (
				96F18B651E507F1500C7CB31 /* FlashLightTests.swift in Sources */,
			);
			runOnlyForDeploymentPostprocessing = 0;
		};
		96F18B671E507F1500C7CB31 /* Sources */ = {
			isa = PBXSourcesBuildPhase;
			buildActionMask = 2147483647;
			files = (
				96F18B701E507F1500C7CB31 /* FlashLightUITests.swift in Sources */,
			);
			runOnlyForDeploymentPostprocessing = 0;
		};
		96F18B7F1E507F1500C7CB31 /* Sources */ = {
			isa = PBXSourcesBuildPhase;
			buildActionMask = 2147483647;
			files = (
				9632E5E51E58CDEF0070DE8C /* JsonDictionary.swift in Sources */,
				96F18BB61E5080EF00C7CB31 /* InterfaceViewModel.swift in Sources */,
				9627ED5B1E58DB9A004B9F0E /* ValueRepresentable.swift in Sources */,
				9632E5F91E58CF4E0070DE8C /* Utilities.swift in Sources */,
				96F18B8B1E507F1500C7CB31 /* ExtensionDelegate.swift in Sources */,
				9627ED5A1E58DB9A004B9F0E /* StringConvertable.swift in Sources */,
				9632E5F01E58CE120070DE8C /* PropertyConverters.swift in Sources */,
				9632E5FE1E58D3000070DE8C /* Global.swift in Sources */,
				96F18B891E507F1500C7CB31 /* InterfaceController.swift in Sources */,
				9632E5E31E58CDEF0070DE8C /* JsonArray.swift in Sources */,
				9632E5F21E58CE120070DE8C /* PropertyMapping.swift in Sources */,
				9627ED591E58DB91004B9F0E /* Viewer.swift in Sources */,
				9632E5FD1E58D1930070DE8C /* MainModel.swift in Sources */,
				9632E5EC1E58CE120070DE8C /* JsonDeserializeable.swift in Sources */,
				9632E5EE1E58CE120070DE8C /* JsonSerializeable.swift in Sources */,
				9627ED571E58DB81004B9F0E /* MutatingClosure.swift in Sources */,
				9627ED581E58DB87004B9F0E /* Binder.swift in Sources */,
				9632E5F41E58CE120070DE8C /* ArrayType.swift in Sources */,
			);
			runOnlyForDeploymentPostprocessing = 0;
		};
/* End PBXSourcesBuildPhase section */

/* Begin PBXTargetDependency section */
		96F18B621E507F1500C7CB31 /* PBXTargetDependency */ = {
			isa = PBXTargetDependency;
			target = 96F18B4B1E507F1500C7CB31 /* FlashLight */;
			targetProxy = 96F18B611E507F1500C7CB31 /* PBXContainerItemProxy */;
		};
		96F18B6D1E507F1500C7CB31 /* PBXTargetDependency */ = {
			isa = PBXTargetDependency;
			target = 96F18B4B1E507F1500C7CB31 /* FlashLight */;
			targetProxy = 96F18B6C1E507F1500C7CB31 /* PBXContainerItemProxy */;
		};
		96F18B771E507F1500C7CB31 /* PBXTargetDependency */ = {
			isa = PBXTargetDependency;
			target = 96F18B731E507F1500C7CB31 /* FlashLight WatchKit App */;
			targetProxy = 96F18B761E507F1500C7CB31 /* PBXContainerItemProxy */;
		};
		96F18B861E507F1500C7CB31 /* PBXTargetDependency */ = {
			isa = PBXTargetDependency;
			target = 96F18B821E507F1500C7CB31 /* FlashLight WatchKit Extension */;
			targetProxy = 96F18B851E507F1500C7CB31 /* PBXContainerItemProxy */;
		};
/* End PBXTargetDependency section */

/* Begin PBXVariantGroup section */
		96F18B531E507F1500C7CB31 /* Main.storyboard */ = {
			isa = PBXVariantGroup;
			children = (
				96F18B541E507F1500C7CB31 /* Base */,
			);
			name = Main.storyboard;
			sourceTree = "<group>";
		};
		96F18B581E507F1500C7CB31 /* LaunchScreen.storyboard */ = {
			isa = PBXVariantGroup;
			children = (
				96F18B591E507F1500C7CB31 /* Base */,
			);
			name = LaunchScreen.storyboard;
			sourceTree = "<group>";
		};
		96F18B791E507F1500C7CB31 /* Interface.storyboard */ = {
			isa = PBXVariantGroup;
			children = (
				96F18B7A1E507F1500C7CB31 /* Base */,
			);
			name = Interface.storyboard;
			sourceTree = "<group>";
		};
/* End PBXVariantGroup section */

/* Begin XCBuildConfiguration section */
		96F18B8F1E507F1500C7CB31 /* Debug */ = {
			isa = XCBuildConfiguration;
			buildSettings = {
				ALWAYS_SEARCH_USER_PATHS = NO;
				CLANG_ANALYZER_NONNULL = YES;
				CLANG_CXX_LANGUAGE_STANDARD = "gnu++0x";
				CLANG_CXX_LIBRARY = "libc++";
				CLANG_ENABLE_MODULES = YES;
				CLANG_ENABLE_OBJC_ARC = YES;
				CLANG_WARN_BOOL_CONVERSION = YES;
				CLANG_WARN_CONSTANT_CONVERSION = YES;
				CLANG_WARN_DIRECT_OBJC_ISA_USAGE = YES_ERROR;
				CLANG_WARN_DOCUMENTATION_COMMENTS = YES;
				CLANG_WARN_EMPTY_BODY = YES;
				CLANG_WARN_ENUM_CONVERSION = YES;
				CLANG_WARN_INFINITE_RECURSION = YES;
				CLANG_WARN_INT_CONVERSION = YES;
				CLANG_WARN_OBJC_ROOT_CLASS = YES_ERROR;
				CLANG_WARN_SUSPICIOUS_MOVE = YES;
				CLANG_WARN_UNREACHABLE_CODE = YES;
				CLANG_WARN__DUPLICATE_METHOD_MATCH = YES;
				"CODE_SIGN_IDENTITY[sdk=iphoneos*]" = "iPhone Developer";
				COPY_PHASE_STRIP = NO;
				DEBUG_INFORMATION_FORMAT = dwarf;
				ENABLE_STRICT_OBJC_MSGSEND = YES;
				ENABLE_TESTABILITY = YES;
				GCC_C_LANGUAGE_STANDARD = gnu99;
				GCC_DYNAMIC_NO_PIC = NO;
				GCC_NO_COMMON_BLOCKS = YES;
				GCC_OPTIMIZATION_LEVEL = 0;
				GCC_PREPROCESSOR_DEFINITIONS = (
					"DEBUG=1",
					"$(inherited)",
				);
				GCC_WARN_64_TO_32_BIT_CONVERSION = YES;
				GCC_WARN_ABOUT_RETURN_TYPE = YES_ERROR;
				GCC_WARN_UNDECLARED_SELECTOR = YES;
				GCC_WARN_UNINITIALIZED_AUTOS = YES_AGGRESSIVE;
				GCC_WARN_UNUSED_FUNCTION = YES;
				GCC_WARN_UNUSED_VARIABLE = YES;
				IPHONEOS_DEPLOYMENT_TARGET = 10.0;
				MTL_ENABLE_DEBUG_INFO = YES;
				ONLY_ACTIVE_ARCH = YES;
				SDKROOT = iphoneos;
				SWIFT_ACTIVE_COMPILATION_CONDITIONS = DEBUG;
				SWIFT_OPTIMIZATION_LEVEL = "-Onone";
				TARGETED_DEVICE_FAMILY = "1,2";
			};
			name = Debug;
		};
		96F18B901E507F1500C7CB31 /* Release */ = {
			isa = XCBuildConfiguration;
			buildSettings = {
				ALWAYS_SEARCH_USER_PATHS = NO;
				CLANG_ANALYZER_NONNULL = YES;
				CLANG_CXX_LANGUAGE_STANDARD = "gnu++0x";
				CLANG_CXX_LIBRARY = "libc++";
				CLANG_ENABLE_MODULES = YES;
				CLANG_ENABLE_OBJC_ARC = YES;
				CLANG_WARN_BOOL_CONVERSION = YES;
				CLANG_WARN_CONSTANT_CONVERSION = YES;
				CLANG_WARN_DIRECT_OBJC_ISA_USAGE = YES_ERROR;
				CLANG_WARN_DOCUMENTATION_COMMENTS = YES;
				CLANG_WARN_EMPTY_BODY = YES;
				CLANG_WARN_ENUM_CONVERSION = YES;
				CLANG_WARN_INFINITE_RECURSION = YES;
				CLANG_WARN_INT_CONVERSION = YES;
				CLANG_WARN_OBJC_ROOT_CLASS = YES_ERROR;
				CLANG_WARN_SUSPICIOUS_MOVE = YES;
				CLANG_WARN_UNREACHABLE_CODE = YES;
				CLANG_WARN__DUPLICATE_METHOD_MATCH = YES;
				"CODE_SIGN_IDENTITY[sdk=iphoneos*]" = "iPhone Developer";
				COPY_PHASE_STRIP = NO;
				DEBUG_INFORMATION_FORMAT = "dwarf-with-dsym";
				ENABLE_NS_ASSERTIONS = NO;
				ENABLE_STRICT_OBJC_MSGSEND = YES;
				GCC_C_LANGUAGE_STANDARD = gnu99;
				GCC_NO_COMMON_BLOCKS = YES;
				GCC_WARN_64_TO_32_BIT_CONVERSION = YES;
				GCC_WARN_ABOUT_RETURN_TYPE = YES_ERROR;
				GCC_WARN_UNDECLARED_SELECTOR = YES;
				GCC_WARN_UNINITIALIZED_AUTOS = YES_AGGRESSIVE;
				GCC_WARN_UNUSED_FUNCTION = YES;
				GCC_WARN_UNUSED_VARIABLE = YES;
				IPHONEOS_DEPLOYMENT_TARGET = 10.0;
				MTL_ENABLE_DEBUG_INFO = NO;
				SDKROOT = iphoneos;
				SWIFT_OPTIMIZATION_LEVEL = "-Owholemodule";
				TARGETED_DEVICE_FAMILY = "1,2";
				VALIDATE_PRODUCT = YES;
			};
			name = Release;
		};
		96F18B921E507F1500C7CB31 /* Debug */ = {
			isa = XCBuildConfiguration;
			buildSettings = {
				ASSETCATALOG_COMPILER_COMPLICATION_NAME = Complication;
				DEVELOPMENT_TEAM = 8W6454B7RN;
				INFOPLIST_FILE = "FlashLight WatchKit Extension/Info.plist";
				LD_RUNPATH_SEARCH_PATHS = "$(inherited) @executable_path/Frameworks @executable_path/../../Frameworks";
				PRODUCT_BUNDLE_IDENTIFIER = tw.bosian.FlashLight.watchkitapp.watchkitextension;
				PRODUCT_NAME = "${TARGET_NAME}";
				PROVISIONING_PROFILE = "565d9a69-28cf-4e03-b292-db7dcb57d843";
				PROVISIONING_PROFILE_SPECIFIER = FlashLightWatchExtension.development;
				SDKROOT = watchos;
				SKIP_INSTALL = YES;
				SWIFT_VERSION = 3.0;
				TARGETED_DEVICE_FAMILY = 4;
				WATCHOS_DEPLOYMENT_TARGET = 3.1;
			};
			name = Debug;
		};
		96F18B931E507F1500C7CB31 /* Release */ = {
			isa = XCBuildConfiguration;
			buildSettings = {
				ASSETCATALOG_COMPILER_COMPLICATION_NAME = Complication;
				CODE_SIGN_IDENTITY = "iPhone Distribution: Bosian Liou (8W6454B7RN)";
				DEVELOPMENT_TEAM = 8W6454B7RN;
				INFOPLIST_FILE = "FlashLight WatchKit Extension/Info.plist";
				LD_RUNPATH_SEARCH_PATHS = "$(inherited) @executable_path/Frameworks @executable_path/../../Frameworks";
				PRODUCT_BUNDLE_IDENTIFIER = tw.bosian.FlashLight.watchkitapp.watchkitextension;
				PRODUCT_NAME = "${TARGET_NAME}";
				PROVISIONING_PROFILE = "060213ad-0788-45c7-bd95-d5ce28b4f6f1";
				PROVISIONING_PROFILE_SPECIFIER = FlashLightWatchExtension;
				SDKROOT = watchos;
				SKIP_INSTALL = YES;
				SWIFT_VERSION = 3.0;
				TARGETED_DEVICE_FAMILY = 4;
				WATCHOS_DEPLOYMENT_TARGET = 3.1;
			};
			name = Release;
		};
		96F18B961E507F1500C7CB31 /* Debug */ = {
			isa = XCBuildConfiguration;
			buildSettings = {
				ALWAYS_EMBED_SWIFT_STANDARD_LIBRARIES = YES;
				ASSETCATALOG_COMPILER_APPICON_NAME = AppIcon;
				CLANG_ENABLE_MODULES = YES;
				"CODE_SIGN_IDENTITY[sdk=watchos*]" = "iPhone Developer";
				CURRENT_PROJECT_VERSION = 1;
				DEVELOPMENT_TEAM = 8W6454B7RN;
				IBSC_MODULE = FlashLight_WatchKit_Extension;
				INFOPLIST_FILE = "FlashLight WatchKit App/Info.plist";
				LD_RUNPATH_SEARCH_PATHS = "$(inherited) @executable_path/../Frameworks @loader_path/../Frameworks";
				PRODUCT_BUNDLE_IDENTIFIER = tw.bosian.FlashLight.watchkitapp;
				PRODUCT_NAME = "$(TARGET_NAME)";
				PROVISIONING_PROFILE = "e31c774b-f33e-44a5-ac8c-d40561bf85e4";
				PROVISIONING_PROFILE_SPECIFIER = tw.bosian.FlashLight.watchkitapp.development;
				SDKROOT = watchos;
				SKIP_INSTALL = YES;
				SWIFT_OBJC_BRIDGING_HEADER = "FlashLight/FlashLight WatchKit App-Bridging-Header.h";
				SWIFT_OPTIMIZATION_LEVEL = "-Onone";
				SWIFT_VERSION = 3.0;
				TARGETED_DEVICE_FAMILY = 4;
				VERSIONING_SYSTEM = "apple-generic";
				WATCHOS_DEPLOYMENT_TARGET = 3.0;
			};
			name = Debug;
		};
		96F18B971E507F1500C7CB31 /* Release */ = {
			isa = XCBuildConfiguration;
			buildSettings = {
				ALWAYS_EMBED_SWIFT_STANDARD_LIBRARIES = YES;
				ASSETCATALOG_COMPILER_APPICON_NAME = AppIcon;
				CLANG_ENABLE_MODULES = YES;
				CODE_SIGN_IDENTITY = "iPhone Distribution: Bosian Liou (8W6454B7RN)";
				CURRENT_PROJECT_VERSION = 1;
				DEVELOPMENT_TEAM = 8W6454B7RN;
				IBSC_MODULE = FlashLight_WatchKit_Extension;
				INFOPLIST_FILE = "FlashLight WatchKit App/Info.plist";
				LD_RUNPATH_SEARCH_PATHS = "$(inherited) @executable_path/../Frameworks @loader_path/../Frameworks";
				PRODUCT_BUNDLE_IDENTIFIER = tw.bosian.FlashLight.watchkitapp;
				PRODUCT_NAME = "$(TARGET_NAME)";
				PROVISIONING_PROFILE = "43bd7299-9dd1-4c2d-acef-c7f65cdef8d0";
				PROVISIONING_PROFILE_SPECIFIER = tw.bosian.FlashLight.watchkitapp;
				SDKROOT = watchos;
				SKIP_INSTALL = YES;
				SWIFT_OBJC_BRIDGING_HEADER = "FlashLight/FlashLight WatchKit App-Bridging-Header.h";
				SWIFT_VERSION = 3.0;
				TARGETED_DEVICE_FAMILY = 4;
				VERSIONING_SYSTEM = "apple-generic";
				WATCHOS_DEPLOYMENT_TARGET = 3.0;
			};
			name = Release;
		};
		96F18B9A1E507F1500C7CB31 /* Debug */ = {
			isa = XCBuildConfiguration;
			buildSettings = {
				ASSETCATALOG_COMPILER_APPICON_NAME = AppIcon;
				CURRENT_PROJECT_VERSION = 1;
				DEVELOPMENT_TEAM = 8W6454B7RN;
				INFOPLIST_FILE = FlashLight/Info.plist;
				LD_RUNPATH_SEARCH_PATHS = "$(inherited) @executable_path/Frameworks";
				PRODUCT_BUNDLE_IDENTIFIER = tw.bosian.FlashLight;
				PRODUCT_NAME = "$(TARGET_NAME)";
				PROVISIONING_PROFILE = "283b8d7a-e2cc-457c-aaa2-99f9bd2a58ba";
				PROVISIONING_PROFILE_SPECIFIER = tw.bosian.FlashLight.development;
				SWIFT_VERSION = 3.0;
				VERSIONING_SYSTEM = "apple-generic";
			};
			name = Debug;
		};
		96F18B9B1E507F1500C7CB31 /* Release */ = {
			isa = XCBuildConfiguration;
			buildSettings = {
				ASSETCATALOG_COMPILER_APPICON_NAME = AppIcon;
				CODE_SIGN_IDENTITY = "iPhone Distribution: Bosian Liou (8W6454B7RN)";
				CURRENT_PROJECT_VERSION = 1;
				DEVELOPMENT_TEAM = 8W6454B7RN;
				INFOPLIST_FILE = FlashLight/Info.plist;
				LD_RUNPATH_SEARCH_PATHS = "$(inherited) @executable_path/Frameworks";
				PRODUCT_BUNDLE_IDENTIFIER = tw.bosian.FlashLight;
				PRODUCT_NAME = "$(TARGET_NAME)";
				PROVISIONING_PROFILE = "1a27115b-94a1-4e02-9ec4-1d0f00e52381";
				PROVISIONING_PROFILE_SPECIFIER = tw.bosian.FlashLight;
				SWIFT_VERSION = 3.0;
				VERSIONING_SYSTEM = "apple-generic";
			};
			name = Release;
		};
		96F18B9D1E507F1500C7CB31 /* Debug */ = {
			isa = XCBuildConfiguration;
			buildSettings = {
				ALWAYS_EMBED_SWIFT_STANDARD_LIBRARIES = YES;
				BUNDLE_LOADER = "$(TEST_HOST)";
				DEVELOPMENT_TEAM = 8W6454B7RN;
				INFOPLIST_FILE = FlashLightTests/Info.plist;
				LD_RUNPATH_SEARCH_PATHS = "$(inherited) @executable_path/Frameworks @loader_path/Frameworks";
				PRODUCT_BUNDLE_IDENTIFIER = tw.bosian.FlashLightTests;
				PRODUCT_NAME = "$(TARGET_NAME)";
				SWIFT_VERSION = 3.0;
				TEST_HOST = "$(BUILT_PRODUCTS_DIR)/FlashLight.app/FlashLight";
			};
			name = Debug;
		};
		96F18B9E1E507F1500C7CB31 /* Release */ = {
			isa = XCBuildConfiguration;
			buildSettings = {
				ALWAYS_EMBED_SWIFT_STANDARD_LIBRARIES = YES;
				BUNDLE_LOADER = "$(TEST_HOST)";
				DEVELOPMENT_TEAM = 8W6454B7RN;
				INFOPLIST_FILE = FlashLightTests/Info.plist;
				LD_RUNPATH_SEARCH_PATHS = "$(inherited) @executable_path/Frameworks @loader_path/Frameworks";
				PRODUCT_BUNDLE_IDENTIFIER = tw.bosian.FlashLightTests;
				PRODUCT_NAME = "$(TARGET_NAME)";
				SWIFT_VERSION = 3.0;
				TEST_HOST = "$(BUILT_PRODUCTS_DIR)/FlashLight.app/FlashLight";
			};
			name = Release;
		};
		96F18BA01E507F1500C7CB31 /* Debug */ = {
			isa = XCBuildConfiguration;
			buildSettings = {
				ALWAYS_EMBED_SWIFT_STANDARD_LIBRARIES = YES;
				DEVELOPMENT_TEAM = 8W6454B7RN;
				INFOPLIST_FILE = FlashLightUITests/Info.plist;
				LD_RUNPATH_SEARCH_PATHS = "$(inherited) @executable_path/Frameworks @loader_path/Frameworks";
				PRODUCT_BUNDLE_IDENTIFIER = tw.bosian.FlashLightUITests;
				PRODUCT_NAME = "$(TARGET_NAME)";
				SWIFT_VERSION = 3.0;
				TEST_TARGET_NAME = FlashLight;
			};
			name = Debug;
		};
		96F18BA11E507F1500C7CB31 /* Release */ = {
			isa = XCBuildConfiguration;
			buildSettings = {
				ALWAYS_EMBED_SWIFT_STANDARD_LIBRARIES = YES;
				DEVELOPMENT_TEAM = 8W6454B7RN;
				INFOPLIST_FILE = FlashLightUITests/Info.plist;
				LD_RUNPATH_SEARCH_PATHS = "$(inherited) @executable_path/Frameworks @loader_path/Frameworks";
				PRODUCT_BUNDLE_IDENTIFIER = tw.bosian.FlashLightUITests;
				PRODUCT_NAME = "$(TARGET_NAME)";
				SWIFT_VERSION = 3.0;
				TEST_TARGET_NAME = FlashLight;
			};
			name = Release;
		};
/* End XCBuildConfiguration section */

/* Begin XCConfigurationList section */
		96F18B471E507F1500C7CB31 /* Build configuration list for PBXProject "FlashLight" */ = {
			isa = XCConfigurationList;
			buildConfigurations = (
				96F18B8F1E507F1500C7CB31 /* Debug */,
				96F18B901E507F1500C7CB31 /* Release */,
			);
			defaultConfigurationIsVisible = 0;
			defaultConfigurationName = Release;
		};
		96F18B911E507F1500C7CB31 /* Build configuration list for PBXNativeTarget "FlashLight WatchKit Extension" */ = {
			isa = XCConfigurationList;
			buildConfigurations = (
				96F18B921E507F1500C7CB31 /* Debug */,
				96F18B931E507F1500C7CB31 /* Release */,
			);
			defaultConfigurationIsVisible = 0;
			defaultConfigurationName = Release;
		};
		96F18B951E507F1500C7CB31 /* Build configuration list for PBXNativeTarget "FlashLight WatchKit App" */ = {
			isa = XCConfigurationList;
			buildConfigurations = (
				96F18B961E507F1500C7CB31 /* Debug */,
				96F18B971E507F1500C7CB31 /* Release */,
			);
			defaultConfigurationIsVisible = 0;
			defaultConfigurationName = Release;
		};
		96F18B991E507F1500C7CB31 /* Build configuration list for PBXNativeTarget "FlashLight" */ = {
			isa = XCConfigurationList;
			buildConfigurations = (
				96F18B9A1E507F1500C7CB31 /* Debug */,
				96F18B9B1E507F1500C7CB31 /* Release */,
			);
			defaultConfigurationIsVisible = 0;
			defaultConfigurationName = Release;
		};
		96F18B9C1E507F1500C7CB31 /* Build configuration list for PBXNativeTarget "FlashLightTests" */ = {
			isa = XCConfigurationList;
			buildConfigurations = (
				96F18B9D1E507F1500C7CB31 /* Debug */,
				96F18B9E1E507F1500C7CB31 /* Release */,
			);
			defaultConfigurationIsVisible = 0;
			defaultConfigurationName = Release;
		};
		96F18B9F1E507F1500C7CB31 /* Build configuration list for PBXNativeTarget "FlashLightUITests" */ = {
			isa = XCConfigurationList;
			buildConfigurations = (
				96F18BA01E507F1500C7CB31 /* Debug */,
				96F18BA11E507F1500C7CB31 /* Release */,
			);
			defaultConfigurationIsVisible = 0;
			defaultConfigurationName = Release;
		};
/* End XCConfigurationList section */
	};
	rootObject = 96F18B441E507F1500C7CB31 /* Project object */;
}
